
Microsoft Visual Studio Solution File, Format Version 12.00
# Visual Studio Version 17
VisualStudioVersion = 17.5.33516.290
MinimumVisualStudioVersion = 10.0.40219.1
Project("{FAE04EC0-301F-11D3-BF4B-00C04F79EFBC}") = "001_WpfApp1", "WpfApp1\001_WpfApp1.csproj", "{DABA991E-DE69-4202-8081-753753387577}"
EndProject
Project("{FAE04EC0-301F-11D3-BF4B-00C04F79EFBC}") = "002_HelloWorld", "002_HelloWorld\002_HelloWorld.csproj", "{AE16C5D4-1F3E-419F-8D6C-378C89CAE47D}"
EndProject
Project("{FAE04EC0-301F-11D3-BF4B-00C04F79EFBC}") = "003_Grid", "003_Grid\003_Grid.csproj", "{8C7312CA-9CCF-4BB6-B5AA-CD6E854B6B4A}"
EndProject
Project("{FAE04EC0-301F-11D3-BF4B-00C04F79EFBC}") = "004_StackPanel", "004_StackPanel\004_StackPanel.csproj", "{5CFDEB20-66D9-4BBB-934A-D863203938B8}"
EndProject
Project("{FAE04EC0-301F-11D3-BF4B-00C04F79EFBC}") = "005_Login", "005_Login\005_Login.csproj", "{304CE0C3-0768-4EE4-9BD3-22EA1E66518D}"
EndProject
Project("{FAE04EC0-301F-11D3-BF4B-00C04F79EFBC}") = "006_Language", "006_Language\006_Language.csproj", "{300D9386-F604-417A-AC12-95A773EE0DF7}"
EndProject
Project("{FAE04EC0-301F-11D3-BF4B-00C04F79EFBC}") = "007_UserControl", "007_UserControl\007_UserControl.csproj", "{2D961FA4-6820-4360-A78E-75D43B257323}"
EndProject
Project("{FAE04EC0-301F-11D3-BF4B-00C04F79EFBC}") = "008_DockPanel", "008_DockPanel\008_DockPanel.csproj", "{4BA02D63-D0D3-4153-B822-94D5EC37F172}"
EndProject
Project("{FAE04EC0-301F-11D3-BF4B-00C04F79EFBC}") = "009_UniformGrid", "009_UniformGrid\009_UniformGrid.csproj", "{6198809E-1EE8-4445-8FC4-422FED0B833E}"
EndProject
Project("{FAE04EC0-301F-11D3-BF4B-00C04F79EFBC}") = "010_MatchingGame", "010_MatchingGame\010_MatchingGame.csproj", "{6683348E-02E1-4EEA-96BF-524D6C5D8C4A}"
EndProject
Project("{FAE04EC0-301F-11D3-BF4B-00C04F79EFBC}") = "011_EIS", "011_EIS\011_EIS.csproj", "{AE504178-E502-4311-BAB3-E21D60D3A39D}"
EndProject
Project("{FAE04EC0-301F-11D3-BF4B-00C04F79EFBC}") = "012_TwoWindows", "012_TwoWindows\012_TwoWindows.csproj", "{DC99E655-D53A-4F65-94A3-756AF839A746}"
EndProject
Project("{FAE04EC0-301F-11D3-BF4B-00C04F79EFBC}") = "013_Pages", "013_Pages\013_Pages.csproj", "{A6FA2AF3-EFF4-4FCB-AE64-2DF00214C25A}"
EndProject
Project("{FAE04EC0-301F-11D3-BF4B-00C04F79EFBC}") = "014_SnakeBite", "014_SnakeBite\014_SnakeBite.csproj", "{B7A5D215-6597-4082-9E82-814964D0E95A}"
EndProject
Global
	GlobalSection(SolutionConfigurationPlatforms) = preSolution
		Debug|Any CPU = Debug|Any CPU
		Release|Any CPU = Release|Any CPU
	EndGlobalSection
	GlobalSection(ProjectConfigurationPlatforms) = postSolution
		{DABA991E-DE69-4202-8081-753753387577}.Debug|Any CPU.ActiveCfg = Debug|Any CPU
		{DABA991E-DE69-4202-8081-753753387577}.Debug|Any CPU.Build.0 = Debug|Any CPU
		{DABA991E-DE69-4202-8081-753753387577}.Release|Any CPU.ActiveCfg = Release|Any CPU
		{DABA991E-DE69-4202-8081-753753387577}.Release|Any CPU.Build.0 = Release|Any CPU
		{AE16C5D4-1F3E-419F-8D6C-378C89CAE47D}.Debug|Any CPU.ActiveCfg = Debug|Any CPU
		{AE16C5D4-1F3E-419F-8D6C-378C89CAE47D}.Debug|Any CPU.Build.0 = Debug|Any CPU
		{AE16C5D4-1F3E-419F-8D6C-378C89CAE47D}.Release|Any CPU.ActiveCfg = Release|Any CPU
		{AE16C5D4-1F3E-419F-8D6C-378C89CAE47D}.Release|Any CPU.Build.0 = Release|Any CPU
		{8C7312CA-9CCF-4BB6-B5AA-CD6E854B6B4A}.Debug|Any CPU.ActiveCfg = Debug|Any CPU
		{8C7312CA-9CCF-4BB6-B5AA-CD6E854B6B4A}.Debug|Any CPU.Build.0 = Debug|Any CPU
		{8C7312CA-9CCF-4BB6-B5AA-CD6E854B6B4A}.Release|Any CPU.ActiveCfg = Release|Any CPU
		{8C7312CA-9CCF-4BB6-B5AA-CD6E854B6B4A}.Release|Any CPU.Build.0 = Release|Any CPU
		{5CFDEB20-66D9-4BBB-934A-D863203938B8}.Debug|Any CPU.ActiveCfg = Debug|Any CPU
		{5CFDEB20-66D9-4BBB-934A-D863203938B8}.Debug|Any CPU.Build.0 = Debug|Any CPU
		{5CFDEB20-66D9-4BBB-934A-D863203938B8}.Release|Any CPU.ActiveCfg = Release|Any CPU
		{5CFDEB20-66D9-4BBB-934A-D863203938B8}.Release|Any CPU.Build.0 = Release|Any CPU
		{304CE0C3-0768-4EE4-9BD3-22EA1E66518D}.Debug|Any CPU.ActiveCfg = Debug|Any CPU
		{304CE0C3-0768-4EE4-9BD3-22EA1E66518D}.Debug|Any CPU.Build.0 = Debug|Any CPU
		{304CE0C3-0768-4EE4-9BD3-22EA1E66518D}.Release|Any CPU.ActiveCfg = Release|Any CPU
		{304CE0C3-0768-4EE4-9BD3-22EA1E66518D}.Release|Any CPU.Build.0 = Release|Any CPU
		{300D9386-F604-417A-AC12-95A773EE0DF7}.Debug|Any CPU.ActiveCfg = Debug|Any CPU
		{300D9386-F604-417A-AC12-95A773EE0DF7}.Debug|Any CPU.Build.0 = Debug|Any CPU
		{300D9386-F604-417A-AC12-95A773EE0DF7}.Release|Any CPU.ActiveCfg = Release|Any CPU
		{300D9386-F604-417A-AC12-95A773EE0DF7}.Release|Any CPU.Build.0 = Release|Any CPU
		{2D961FA4-6820-4360-A78E-75D43B257323}.Debug|Any CPU.ActiveCfg = Debug|Any CPU
		{2D961FA4-6820-4360-A78E-75D43B257323}.Debug|Any CPU.Build.0 = Debug|Any CPU
		{2D961FA4-6820-4360-A78E-75D43B257323}.Release|Any CPU.ActiveCfg = Release|Any CPU
		{2D961FA4-6820-4360-A78E-75D43B257323}.Release|Any CPU.Build.0 = Release|Any CPU
		{4BA02D63-D0D3-4153-B822-94D5EC37F172}.Debug|Any CPU.ActiveCfg = Debug|Any CPU
		{4BA02D63-D0D3-4153-B822-94D5EC37F172}.Debug|Any CPU.Build.0 = Debug|Any CPU
		{4BA02D63-D0D3-4153-B822-94D5EC37F172}.Release|Any CPU.ActiveCfg = Release|Any CPU
		{4BA02D63-D0D3-4153-B822-94D5EC37F172}.Release|Any CPU.Build.0 = Release|Any CPU
		{6198809E-1EE8-4445-8FC4-422FED0B833E}.Debug|Any CPU.ActiveCfg = Debug|Any CPU
		{6198809E-1EE8-4445-8FC4-422FED0B833E}.Debug|Any CPU.Build.0 = Debug|Any CPU
		{6198809E-1EE8-4445-8FC4-422FED0B833E}.Release|Any CPU.ActiveCfg = Release|Any CPU
		{6198809E-1EE8-4445-8FC4-422FED0B833E}.Release|Any CPU.Build.0 = Release|Any CPU
		{6683348E-02E1-4EEA-96BF-524D6C5D8C4A}.Debug|Any CPU.ActiveCfg = Debug|Any CPU
		{6683348E-02E1-4EEA-96BF-524D6C5D8C4A}.Debug|Any CPU.Build.0 = Debug|Any CPU
		{6683348E-02E1-4EEA-96BF-524D6C5D8C4A}.Release|Any CPU.ActiveCfg = Release|Any CPU
		{6683348E-02E1-4EEA-96BF-524D6C5D8C4A}.Release|Any CPU.Build.0 = Release|Any CPU
		{AE504178-E502-4311-BAB3-E21D60D3A39D}.Debug|Any CPU.ActiveCfg = Debug|Any CPU
		{AE504178-E502-4311-BAB3-E21D60D3A39D}.Debug|Any CPU.Build.0 = Debug|Any CPU
		{AE504178-E502-4311-BAB3-E21D60D3A39D}.Release|Any CPU.ActiveCfg = Release|Any CPU
		{AE504178-E502-4311-BAB3-E21D60D3A39D}.Release|Any CPU.Build.0 = Release|Any CPU
		{DC99E655-D53A-4F65-94A3-756AF839A746}.Debug|Any CPU.ActiveCfg = Debug|Any CPU
		{DC99E655-D53A-4F65-94A3-756AF839A746}.Debug|Any CPU.Build.0 = Debug|Any CPU
		{DC99E655-D53A-4F65-94A3-756AF839A746}.Release|Any CPU.ActiveCfg = Release|Any CPU
		{DC99E655-D53A-4F65-94A3-756AF839A746}.Release|Any CPU.Build.0 = Release|Any CPU
		{A6FA2AF3-EFF4-4FCB-AE64-2DF00214C25A}.Debug|Any CPU.ActiveCfg = Debug|Any CPU
		{A6FA2AF3-EFF4-4FCB-AE64-2DF00214C25A}.Debug|Any CPU.Build.0 = Debug|Any CPU
		{A6FA2AF3-EFF4-4FCB-AE64-2DF00214C25A}.Release|Any CPU.ActiveCfg = Release|Any CPU
		{A6FA2AF3-EFF4-4FCB-AE64-2DF00214C25A}.Release|Any CPU.Build.0 = Release|Any CPU
		{B7A5D215-6597-4082-9E82-814964D0E95A}.Debug|Any CPU.ActiveCfg = Debug|Any CPU
		{B7A5D215-6597-4082-9E82-814964D0E95A}.Debug|Any CPU.Build.0 = Debug|Any CPU
		{B7A5D215-6597-4082-9E82-814964D0E95A}.Release|Any CPU.ActiveCfg = Release|Any CPU
		{B7A5D215-6597-4082-9E82-814964D0E95A}.Release|Any CPU.Build.0 = Release|Any CPU
	EndGlobalSection
	GlobalSection(SolutionProperties) = preSolution
		HideSolutionNode = FALSE
	EndGlobalSection
	GlobalSection(ExtensibilityGlobals) = postSolution
		SolutionGuid = {A8A90C69-5485-43C6-9059-FBCD07B5FE7A}
	EndGlobalSection
EndGlobal
